
Microsoft Visual Studio Solution File, Format Version 12.00
# Visual Studio Version 16
VisualStudioVersion = 16.0.32002.261
MinimumVisualStudioVersion = 10.0.40219.1
Project("{8BC9CEB8-8B4A-11D0-8D11-00A0C91BC942}") = "checkersCUDA", "checkersCUDA\checkersCUDA.vcxproj", "{2CA35C1D-7BFA-48C9-B4A2-08D1A8CED87D}"
EndProject
Global
	GlobalSection(SolutionConfigurationPlatforms) = preSolution
		Debug|x64 = Debug|x64
		Release|x64 = Release|x64
	EndGlobalSection
	GlobalSection(ProjectConfigurationPlatforms) = postSolution
		{2CA35C1D-7BFA-48C9-B4A2-08D1A8CED87D}.Debug|x64.ActiveCfg = Debug|x64
		{2CA35C1D-7BFA-48C9-B4A2-08D1A8CED87D}.Debug|x64.Build.0 = Debug|x64
		{2CA35C1D-7BFA-48C9-B4A2-08D1A8CED87D}.Release|x64.ActiveCfg = Release|x64
		{2CA35C1D-7BFA-48C9-B4A2-08D1A8CED87D}.Release|x64.Build.0 = Release|x64
	EndGlobalSection
	GlobalSection(SolutionProperties) = preSolution
		HideSolutionNode = FALSE
	EndGlobalSection
	GlobalSection(ExtensibilityGlobals) = postSolution
		SolutionGuid = {52CCA8D3-1F44-4CCE-944B-782B18648731}
	EndGlobalSection
EndGlobal
